
Microsoft Visual Studio Solution File, Format Version 12.00
# Visual Studio Version 17
VisualStudioVersion = 17.10.34916.146
MinimumVisualStudioVersion = 10.0.40219.1
Project("{FAE04EC0-301F-11D3-BF4B-00C04F79EFBC}") = "MongoApi", "MongoApi.csproj", "{53F42DBC-B805-4A3E-B57D-98C0CDB5ADC4}"
EndProject
Project("{FAE04EC0-301F-11D3-BF4B-00C04F79EFBC}") = "MongoDemoData", "MongoDemoData\MongoDemoData.csproj", "{A415EE5A-13AF-447D-88D4-A5932E48391E}"
EndProject
Global
	GlobalSection(SolutionConfigurationPlatforms) = preSolution
		Debug|Any CPU = Debug|Any CPU
		Release|Any CPU = Release|Any CPU
	EndGlobalSection
	GlobalSection(ProjectConfigurationPlatforms) = postSolution
		{53F42DBC-B805-4A3E-B57D-98C0CDB5ADC4}.Debug|Any CPU.ActiveCfg = Debug|Any CPU
		{53F42DBC-B805-4A3E-B57D-98C0CDB5ADC4}.Debug|Any CPU.Build.0 = Debug|Any CPU
		{53F42DBC-B805-4A3E-B57D-98C0CDB5ADC4}.Release|Any CPU.ActiveCfg = Release|Any CPU
		{53F42DBC-B805-4A3E-B57D-98C0CDB5ADC4}.Release|Any CPU.Build.0 = Release|Any CPU
		{A415EE5A-13AF-447D-88D4-A5932E48391E}.Debug|Any CPU.ActiveCfg = Debug|Any CPU
		{A415EE5A-13AF-447D-88D4-A5932E48391E}.Debug|Any CPU.Build.0 = Debug|Any CPU
		{A415EE5A-13AF-447D-88D4-A5932E48391E}.Release|Any CPU.ActiveCfg = Release|Any CPU
		{A415EE5A-13AF-447D-88D4-A5932E48391E}.Release|Any CPU.Build.0 = Release|Any CPU
	EndGlobalSection
	GlobalSection(SolutionProperties) = preSolution
		HideSolutionNode = FALSE
	EndGlobalSection
	GlobalSection(ExtensibilityGlobals) = postSolution
		SolutionGuid = {14EAC088-E527-4423-B03A-8A2FB473342E}
	EndGlobalSection
EndGlobal
